Microsoft Visual Studio Solution File, Format Version 12.00
# Visual Studio 14
Project("{8BC9CEB8-8B4A-11D0-8D11-00A0C91BC942}") = "ALL_BUILD", "ALL_BUILD.vcxproj", "{A1FEA9D3-EA11-3694-B30C-67A9EAB5D771}"
	ProjectSection(ProjectDependencies) = postProject
		{55CD458C-AECD-3823-9417-88DF3AB003F0} = {55CD458C-AECD-3823-9417-88DF3AB003F0}
		{64B83AB3-E988-311E-B215-CD5C48C38D20} = {64B83AB3-E988-311E-B215-CD5C48C38D20}
		{3E7C2021-C84A-359E-B6CB-C2B289E8C544} = {3E7C2021-C84A-359E-B6CB-C2B289E8C544}
		{2B72B08E-4C42-3DC7-98AA-EA2CA979026E} = {2B72B08E-4C42-3DC7-98AA-EA2CA979026E}
		{AF183D58-4A7F-30E6-98D1-BF2E3BCB60FA} = {AF183D58-4A7F-30E6-98D1-BF2E3BCB60FA}
		{76415189-0610-316A-8DAB-7E6ECD1140A5} = {76415189-0610-316A-8DAB-7E6ECD1140A5}
	EndProjectSection
EndProject
Project("{8BC9CEB8-8B4A-11D0-8D11-00A0C91BC942}") = "ZERO_CHECK", "ZERO_CHECK.vcxproj", "{55CD458C-AECD-3823-9417-88DF3AB003F0}"
	ProjectSection(ProjectDependencies) = postProject
	EndProjectSection
EndProject
Project("{8BC9CEB8-8B4A-11D0-8D11-00A0C91BC942}") = "cef_gtest", "tests\gtest\cef_gtest.vcxproj", "{64B83AB3-E988-311E-B215-CD5C48C38D20}"
	ProjectSection(ProjectDependencies) = postProject
		{55CD458C-AECD-3823-9417-88DF3AB003F0} = {55CD458C-AECD-3823-9417-88DF3AB003F0}
	EndProjectSection
EndProject
Project("{8BC9CEB8-8B4A-11D0-8D11-00A0C91BC942}") = "cefclient", "tests\cefclient\cefclient.vcxproj", "{3E7C2021-C84A-359E-B6CB-C2B289E8C544}"
	ProjectSection(ProjectDependencies) = postProject
		{55CD458C-AECD-3823-9417-88DF3AB003F0} = {55CD458C-AECD-3823-9417-88DF3AB003F0}
		{76415189-0610-316A-8DAB-7E6ECD1140A5} = {76415189-0610-316A-8DAB-7E6ECD1140A5}
	EndProjectSection
EndProject
Project("{8BC9CEB8-8B4A-11D0-8D11-00A0C91BC942}") = "cefsimple", "tests\cefsimple\cefsimple.vcxproj", "{2B72B08E-4C42-3DC7-98AA-EA2CA979026E}"
	ProjectSection(ProjectDependencies) = postProject
		{55CD458C-AECD-3823-9417-88DF3AB003F0} = {55CD458C-AECD-3823-9417-88DF3AB003F0}
		{76415189-0610-316A-8DAB-7E6ECD1140A5} = {76415189-0610-316A-8DAB-7E6ECD1140A5}
	EndProjectSection
EndProject
Project("{8BC9CEB8-8B4A-11D0-8D11-00A0C91BC942}") = "ceftests", "tests\ceftests\ceftests.vcxproj", "{AF183D58-4A7F-30E6-98D1-BF2E3BCB60FA}"
	ProjectSection(ProjectDependencies) = postProject
		{55CD458C-AECD-3823-9417-88DF3AB003F0} = {55CD458C-AECD-3823-9417-88DF3AB003F0}
		{64B83AB3-E988-311E-B215-CD5C48C38D20} = {64B83AB3-E988-311E-B215-CD5C48C38D20}
		{76415189-0610-316A-8DAB-7E6ECD1140A5} = {76415189-0610-316A-8DAB-7E6ECD1140A5}
	EndProjectSection
EndProject
Project("{8BC9CEB8-8B4A-11D0-8D11-00A0C91BC942}") = "libcef_dll_wrapper", "libcef_dll_wrapper\libcef_dll_wrapper.vcxproj", "{76415189-0610-316A-8DAB-7E6ECD1140A5}"
	ProjectSection(ProjectDependencies) = postProject
		{55CD458C-AECD-3823-9417-88DF3AB003F0} = {55CD458C-AECD-3823-9417-88DF3AB003F0}
	EndProjectSection
EndProject
Global
	GlobalSection(SolutionConfigurationPlatforms) = preSolution
		Debug|Win32 = Debug|Win32
		Release|Win32 = Release|Win32
	EndGlobalSection
	GlobalSection(ProjectConfigurationPlatforms) = postSolution
		{A1FEA9D3-EA11-3694-B30C-67A9EAB5D771}.Debug|Win32.ActiveCfg = Debug|Win32
		{A1FEA9D3-EA11-3694-B30C-67A9EAB5D771}.Release|Win32.ActiveCfg = Release|Win32
		{55CD458C-AECD-3823-9417-88DF3AB003F0}.Debug|Win32.ActiveCfg = Debug|Win32
		{55CD458C-AECD-3823-9417-88DF3AB003F0}.Debug|Win32.Build.0 = Debug|Win32
		{55CD458C-AECD-3823-9417-88DF3AB003F0}.Release|Win32.ActiveCfg = Release|Win32
		{55CD458C-AECD-3823-9417-88DF3AB003F0}.Release|Win32.Build.0 = Release|Win32
		{64B83AB3-E988-311E-B215-CD5C48C38D20}.Debug|Win32.ActiveCfg = Debug|Win32
		{64B83AB3-E988-311E-B215-CD5C48C38D20}.Debug|Win32.Build.0 = Debug|Win32
		{64B83AB3-E988-311E-B215-CD5C48C38D20}.Release|Win32.ActiveCfg = Release|Win32
		{64B83AB3-E988-311E-B215-CD5C48C38D20}.Release|Win32.Build.0 = Release|Win32
		{3E7C2021-C84A-359E-B6CB-C2B289E8C544}.Debug|Win32.ActiveCfg = Debug|Win32
		{3E7C2021-C84A-359E-B6CB-C2B289E8C544}.Debug|Win32.Build.0 = Debug|Win32
		{3E7C2021-C84A-359E-B6CB-C2B289E8C544}.Release|Win32.ActiveCfg = Release|Win32
		{3E7C2021-C84A-359E-B6CB-C2B289E8C544}.Release|Win32.Build.0 = Release|Win32
		{2B72B08E-4C42-3DC7-98AA-EA2CA979026E}.Debug|Win32.ActiveCfg = Debug|Win32
		{2B72B08E-4C42-3DC7-98AA-EA2CA979026E}.Debug|Win32.Build.0 = Debug|Win32
		{2B72B08E-4C42-3DC7-98AA-EA2CA979026E}.Release|Win32.ActiveCfg = Release|Win32
		{2B72B08E-4C42-3DC7-98AA-EA2CA979026E}.Release|Win32.Build.0 = Release|Win32
		{AF183D58-4A7F-30E6-98D1-BF2E3BCB60FA}.Debug|Win32.ActiveCfg = Debug|Win32
		{AF183D58-4A7F-30E6-98D1-BF2E3BCB60FA}.Debug|Win32.Build.0 = Debug|Win32
		{AF183D58-4A7F-30E6-98D1-BF2E3BCB60FA}.Release|Win32.ActiveCfg = Release|Win32
		{AF183D58-4A7F-30E6-98D1-BF2E3BCB60FA}.Release|Win32.Build.0 = Release|Win32
		{76415189-0610-316A-8DAB-7E6ECD1140A5}.Debug|Win32.ActiveCfg = Debug|Win32
		{76415189-0610-316A-8DAB-7E6ECD1140A5}.Debug|Win32.Build.0 = Debug|Win32
		{76415189-0610-316A-8DAB-7E6ECD1140A5}.Release|Win32.ActiveCfg = Release|Win32
		{76415189-0610-316A-8DAB-7E6ECD1140A5}.Release|Win32.Build.0 = Release|Win32
	EndGlobalSection
	GlobalSection(ExtensibilityGlobals) = postSolution
		SolutionGuid = {9768F44E-93B5-38A9-8D04-5C1B7BE1980E}
	EndGlobalSection
	GlobalSection(ExtensibilityAddIns) = postSolution
	EndGlobalSection
EndGlobal
