<?xml version="1.0" encoding="utf-8"?>
<Project ToolsVersion="14.0" xmlns="http://schemas.microsoft.com/developer/msbuild/2003">
  <ItemGroup>
    <ClCompile Include="D:\cef_binary_3.3538.1852.gcb937fc_windows32\tests\gtest\src\gtest-all.cc">
      <Filter>cef_gtest</Filter>
    </ClCompile>
  </ItemGroup>
  <ItemGroup>
    <CustomBuild Include="D:\cef_binary_3.3538.1852.gcb937fc_windows32\tests\gtest\CMakeLists.txt" />
  </ItemGroup>
  <ItemGroup>
    <Filter Include="cef_gtest">
      <UniqueIdentifier>{CBA1C7E3-0026-3669-BAB8-E28C0E0658CB}</UniqueIdentifier>
    </Filter>
  </ItemGroup>
</Project>
